// !$*UTF8*$!
{
	archiveVersion = 1;
	classes = {
	};
	objectVersion = 56;
	objects = {

/* Begin PBXBuildFile section */
		27D541872AA7E46F00B2B1F8 /* AppDelegate.swift in Sources */ = {isa = PBXBuildFile; fileRef = 27D541862AA7E46F00B2B1F8 /* AppDelegate.swift */; };
		27D541892AA7E46F00B2B1F8 /* SceneDelegate.swift in Sources */ = {isa = PBXBuildFile; fileRef = 27D541882AA7E46F00B2B1F8 /* SceneDelegate.swift */; };
		27D5418B2AA7E46F00B2B1F8 /* ViewController.swift in Sources */ = {isa = PBXBuildFile; fileRef = 27D5418A2AA7E46F00B2B1F8 /* ViewController.swift */; };
		27D5418E2AA7E46F00B2B1F8 /* Main.storyboard in Resources */ = {isa = PBXBuildFile; fileRef = 27D5418C2AA7E46F00B2B1F8 /* Main.storyboard */; };
		27D541902AA7E47300B2B1F8 /* Assets.xcassets in Resources */ = {isa = PBXBuildFile; fileRef = 27D5418F2AA7E47300B2B1F8 /* Assets.xcassets */; };
		27D541932AA7E47300B2B1F8 /* LaunchScreen.storyboard in Resources */ = {isa = PBXBuildFile; fileRef = 27D541912AA7E47300B2B1F8 /* LaunchScreen.storyboard */; };
		27D5419E2AA7E47300B2B1F8 /* appExampleTests.swift in Sources */ = {isa = PBXBuildFile; fileRef = 27D5419D2AA7E47300B2B1F8 /* appExampleTests.swift */; };
		27D541A82AA7E47300B2B1F8 /* appExampleUITests.swift in Sources */ = {isa = PBXBuildFile; fileRef = 27D541A72AA7E47300B2B1F8 /* appExampleUITests.swift */; };
		27D541AA2AA7E47300B2B1F8 /* appExampleUITestsLaunchTests.swift in Sources */ = {isa = PBXBuildFile; fileRef = 27D541A92AA7E47300B2B1F8 /* appExampleUITestsLaunchTests.swift */; };
/* End PBXBuildFile section */

/* Begin PBXContainerItemProxy section */
		27D5419A2AA7E47300B2B1F8 /* PBXContainerItemProxy */ = {
			isa = PBXContainerItemProxy;
			containerPortal = 27D5417B2AA7E46F00B2B1F8 /* Project object */;
			proxyType = 1;
			remoteGlobalIDString = 27D541822AA7E46F00B2B1F8;
			remoteInfo = appExample;
		};
		27D541A42AA7E47300B2B1F8 /* PBXContainerItemProxy */ = {
			isa = PBXContainerItemProxy;
			containerPortal = 27D5417B2AA7E46F00B2B1F8 /* Project object */;
			proxyType = 1;
			remoteGlobalIDString = 27D541822AA7E46F00B2B1F8;
			remoteInfo = appExample;
		};
/* End PBXContainerItemProxy section */

/* Begin PBXFileReference section */
		27D541832AA7E46F00B2B1F8 /* appExample.app */ = {isa = PBXFileReference; explicitFileType = wrapper.application; includeInIndex = 0; path = appExample.app; sourceTree = BUILT_PRODUCTS_DIR; };
		27D541862AA7E46F00B2B1F8 /* AppDelegate.swift */ = {isa = PBXFileReference; lastKnownFileType = sourcecode.swift; path = AppDelegate.swift; sourceTree = "<group>"; };
		27D541882AA7E46F00B2B1F8 /* SceneDelegate.swift */ = {isa = PBXFileReference; lastKnownFileType = sourcecode.swift; path = SceneDelegate.swift; sourceTree = "<group>"; };
		27D5418A2AA7E46F00B2B1F8 /* ViewController.swift */ = {isa = PBXFileReference; lastKnownFileType = sourcecode.swift; path = ViewController.swift; sourceTree = "<group>"; };
		27D5418D2AA7E46F00B2B1F8 /* Base */ = {isa = PBXFileReference; lastKnownFileType = file.storyboard; name = Base; path = Base.lproj/Main.storyboard; sourceTree = "<group>"; };
		27D5418F2AA7E47300B2B1F8 /* Assets.xcassets */ = {isa = PBXFileReference; lastKnownFileType = folder.assetcatalog; path = Assets.xcassets; sourceTree = "<group>"; };
		27D541922AA7E47300B2B1F8 /* Base */ = {isa = PBXFileReference; lastKnownFileType = file.storyboard; name = Base; path = Base.lproj/LaunchScreen.storyboard; sourceTree = "<group>"; };
		27D541942AA7E47300B2B1F8 /* Info.plist */ = {isa = PBXFileReference; lastKnownFileType = text.plist.xml; path = Info.plist; sourceTree = "<group>"; };
		27D541992AA7E47300B2B1F8 /* appExampleTests.xctest */ = {isa = PBXFileReference; explicitFileType = wrapper.cfbundle; includeInIndex = 0; path = appExampleTests.xctest; sourceTree = BUILT_PRODUCTS_DIR; };
		27D5419D2AA7E47300B2B1F8 /* appExampleTests.swift */ = {isa = PBXFileReference; lastKnownFileType = sourcecode.swift; path = appExampleTests.swift; sourceTree = "<group>"; };
		27D541A32AA7E47300B2B1F8 /* appExampleUITests.xctest */ = {isa = PBXFileReference; explicitFileType = wrapper.cfbundle; includeInIndex = 0; path = appExampleUITests.xctest; sourceTree = BUILT_PRODUCTS_DIR; };
		27D541A72AA7E47300B2B1F8 /* appExampleUITests.swift */ = {isa = PBXFileReference; lastKnownFileType = sourcecode.swift; path = appExampleUITests.swift; sourceTree = "<group>"; };
		27D541A92AA7E47300B2B1F8 /* appExampleUITestsLaunchTests.swift */ = {isa = PBXFileReference; lastKnownFileType = sourcecode.swift; path = appExampleUITestsLaunchTests.swift; sourceTree = "<group>"; };
/* End PBXFileReference section */

/* Begin PBXFrameworksBuildPhase section */
		27D541802AA7E46F00B2B1F8 /* Frameworks */ = {
			isa = PBXFrameworksBuildPhase;
			buildActionMask = 2147483647;
			files = (
			);
			runOnlyForDeploymentPostprocessing = 0;
		};
		27D541962AA7E47300B2B1F8 /* Frameworks */ = {
			isa = PBXFrameworksBuildPhase;
			buildActionMask = 2147483647;
			files = (
			);
			runOnlyForDeploymentPostprocessing = 0;
		};
		27D541A02AA7E47300B2B1F8 /* Frameworks */ = {
			isa = PBXFrameworksBuildPhase;
			buildActionMask = 2147483647;
			files = (
			);
			runOnlyForDeploymentPostprocessing = 0;
		};
/* End PBXFrameworksBuildPhase section */

/* Begin PBXGroup section */
		27D5417A2AA7E46F00B2B1F8 = {
			isa = PBXGroup;
			children = (
				27D541852AA7E46F00B2B1F8 /* appExample */,
				27D5419C2AA7E47300B2B1F8 /* appExampleTests */,
				27D541A62AA7E47300B2B1F8 /* appExampleUITests */,
				27D541842AA7E46F00B2B1F8 /* Products */,
			);
			sourceTree = "<group>";
		};
		27D541842AA7E46F00B2B1F8 /* Products */ = {
			isa = PBXGroup;
			children = (
				27D541832AA7E46F00B2B1F8 /* appExample.app */,
				27D541992AA7E47300B2B1F8 /* appExampleTests.xctest */,
				27D541A32AA7E47300B2B1F8 /* appExampleUITests.xctest */,
			);
			name = Products;
			sourceTree = "<group>";
		};
		27D541852AA7E46F00B2B1F8 /* appExample */ = {
			isa = PBXGroup;
			children = (
				27D541862AA7E46F00B2B1F8 /* AppDelegate.swift */,
				27D541882AA7E46F00B2B1F8 /* SceneDelegate.swift */,
				27D5418A2AA7E46F00B2B1F8 /* ViewController.swift */,
				27D5418C2AA7E46F00B2B1F8 /* Main.storyboard */,
				27D5418F2AA7E47300B2B1F8 /* Assets.xcassets */,
				27D541912AA7E47300B2B1F8 /* LaunchScreen.storyboard */,
				27D541942AA7E47300B2B1F8 /* Info.plist */,
			);
			path = appExample;
			sourceTree = "<group>";
		};
		27D5419C2AA7E47300B2B1F8 /* appExampleTests */ = {
			isa = PBXGroup;
			children = (
				27D5419D2AA7E47300B2B1F8 /* appExampleTests.swift */,
			);
			path = appExampleTests;
			sourceTree = "<group>";
		};
		27D541A62AA7E47300B2B1F8 /* appExampleUITests */ = {
			isa = PBXGroup;
			children = (
				27D541A72AA7E47300B2B1F8 /* appExampleUITests.swift */,
				27D541A92AA7E47300B2B1F8 /* appExampleUITestsLaunchTests.swift */,
			);
			path = appExampleUITests;
			sourceTree = "<group>";
		};
/* End PBXGroup section */

/* Begin PBXNativeTarget section */
		27D541822AA7E46F00B2B1F8 /* appExample */ = {
			isa = PBXNativeTarget;
			buildConfigurationList = 27D541AD2AA7E47300B2B1F8 /* Build configuration list for PBXNativeTarget "appExample" */;
			buildPhases = (
				27D5417F2AA7E46F00B2B1F8 /* Sources */,
				27D541802AA7E46F00B2B1F8 /* Frameworks */,
				27D541812AA7E46F00B2B1F8 /* Resources */,
			);
			buildRules = (
			);
			dependencies = (
			);
			name = appExample;
			productName = appExample;
			productReference = 27D541832AA7E46F00B2B1F8 /* appExample.app */;
			productType = "com.apple.product-type.application";
		};
		27D541982AA7E47300B2B1F8 /* appExampleTests */ = {
			isa = PBXNativeTarget;
			buildConfigurationList = 27D541B02AA7E47300B2B1F8 /* Build configuration list for PBXNativeTarget "appExampleTests" */;
			buildPhases = (
				27D541952AA7E47300B2B1F8 /* Sources */,
				27D541962AA7E47300B2B1F8 /* Frameworks */,
				27D541972AA7E47300B2B1F8 /* Resources */,
			);
			buildRules = (
			);
			dependencies = (
				27D5419B2AA7E47300B2B1F8 /* PBXTargetDependency */,
			);
			name = appExampleTests;
			productName = appExampleTests;
			productReference = 27D541992AA7E47300B2B1F8 /* appExampleTests.xctest */;
			productType = "com.apple.product-type.bundle.unit-test";
		};
		27D541A22AA7E47300B2B1F8 /* appExampleUITests */ = {
			isa = PBXNativeTarget;
			buildConfigurationList = 27D541B32AA7E47300B2B1F8 /* Build configuration list for PBXNativeTarget "appExampleUITests" */;
			buildPhases = (
				27D5419F2AA7E47300B2B1F8 /* Sources */,
				27D541A02AA7E47300B2B1F8 /* Frameworks */,
				27D541A12AA7E47300B2B1F8 /* Resources */,
			);
			buildRules = (
			);
			dependencies = (
				27D541A52AA7E47300B2B1F8 /* PBXTargetDependency */,
			);
			name = appExampleUITests;
			productName = appExampleUITests;
			productReference = 27D541A32AA7E47300B2B1F8 /* appExampleUITests.xctest */;
			productType = "com.apple.product-type.bundle.ui-testing";
		};
/* End PBXNativeTarget section */

/* Begin PBXProject section */
		27D5417B2AA7E46F00B2B1F8 /* Project object */ = {
			isa = PBXProject;
			attributes = {
				BuildIndependentTargetsInParallel = 1;
				LastSwiftUpdateCheck = 1430;
				LastUpgradeCheck = 1430;
				TargetAttributes = {
					27D541822AA7E46F00B2B1F8 = {
						CreatedOnToolsVersion = 14.3.1;
					};
					27D541982AA7E47300B2B1F8 = {
						CreatedOnToolsVersion = 14.3.1;
						TestTargetID = 27D541822AA7E46F00B2B1F8;
					};
					27D541A22AA7E47300B2B1F8 = {
						CreatedOnToolsVersion = 14.3.1;
						TestTargetID = 27D541822AA7E46F00B2B1F8;
					};
				};
			};
			buildConfigurationList = 27D5417E2AA7E46F00B2B1F8 /* Build configuration list for PBXProject "appExample" */;
			compatibilityVersion = "Xcode 14.0";
			developmentRegion = en;
			hasScannedForEncodings = 0;
			knownRegions = (
				en,
				Base,
			);
			mainGroup = 27D5417A2AA7E46F00B2B1F8;
			productRefGroup = 27D541842AA7E46F00B2B1F8 /* Products */;
			projectDirPath = "";
			projectRoot = "";
			targets = (
				27D541822AA7E46F00B2B1F8 /* appExample */,
				27D541982AA7E47300B2B1F8 /* appExampleTests */,
				27D541A22AA7E47300B2B1F8 /* appExampleUITests */,
			);
		};
/* End PBXProject section */

/* Begin PBXResourcesBuildPhase section */
		27D541812AA7E46F00B2B1F8 /* Resources */ = {
			isa = PBXResourcesBuildPhase;
			buildActionMask = 2147483647;
			files = (
				27D541932AA7E47300B2B1F8 /* LaunchScreen.storyboard in Resources */,
				27D541902AA7E47300B2B1F8 /* Assets.xcassets in Resources */,
				27D5418E2AA7E46F00B2B1F8 /* Main.storyboard in Resources */,
			);
			runOnlyForDeploymentPostprocessing = 0;
		};
		27D541972AA7E47300B2B1F8 /* Resources */ = {
			isa = PBXResourcesBuildPhase;
			buildActionMask = 2147483647;
			files = (
			);
			runOnlyForDeploymentPostprocessing = 0;
		};
		27D541A12AA7E47300B2B1F8 /* Resources */ = {
			isa = PBXResourcesBuildPhase;
			buildActionMask = 2147483647;
			files = (
			);
			runOnlyForDeploymentPostprocessing = 0;
		};
/* End PBXResourcesBuildPhase section */

/* Begin PBXSourcesBuildPhase section */
		27D5417F2AA7E46F00B2B1F8 /* Sources */ = {
			isa = PBXSourcesBuildPhase;
			buildActionMask = 2147483647;
			files = (
				27D5418B2AA7E46F00B2B1F8 /* ViewController.swift in Sources */,
				27D541872AA7E46F00B2B1F8 /* AppDelegate.swift in Sources */,
				27D541892AA7E46F00B2B1F8 /* SceneDelegate.swift in Sources */,
			);
			runOnlyForDeploymentPostprocessing = 0;
		};
		27D541952AA7E47300B2B1F8 /* Sources */ = {
			isa = PBXSourcesBuildPhase;
			buildActionMask = 2147483647;
			files = (
				27D5419E2AA7E47300B2B1F8 /* appExampleTests.swift in Sources */,
			);
			runOnlyForDeploymentPostprocessing = 0;
		};
		27D5419F2AA7E47300B2B1F8 /* Sources */ = {
			isa = PBXSourcesBuildPhase;
			buildActionMask = 2147483647;
			files = (
				27D541A82AA7E47300B2B1F8 /* appExampleUITests.swift in Sources */,
				27D541AA2AA7E47300B2B1F8 /* appExampleUITestsLaunchTests.swift in Sources */,
			);
			runOnlyForDeploymentPostprocessing = 0;
		};
/* End PBXSourcesBuildPhase section */

/* Begin PBXTargetDependency section */
		27D5419B2AA7E47300B2B1F8 /* PBXTargetDependency */ = {
			isa = PBXTargetDependency;
			target = 27D541822AA7E46F00B2B1F8 /* appExample */;
			targetProxy = 27D5419A2AA7E47300B2B1F8 /* PBXContainerItemProxy */;
		};
		27D541A52AA7E47300B2B1F8 /* PBXTargetDependency */ = {
			isa = PBXTargetDependency;
			target = 27D541822AA7E46F00B2B1F8 /* appExample */;
			targetProxy = 27D541A42AA7E47300B2B1F8 /* PBXContainerItemProxy */;
		};
/* End PBXTargetDependency section */

/* Begin PBXVariantGroup section */
		27D5418C2AA7E46F00B2B1F8 /* Main.storyboard */ = {
			isa = PBXVariantGroup;
			children = (
				27D5418D2AA7E46F00B2B1F8 /* Base */,
			);
			name = Main.storyboard;
			sourceTree = "<group>";
		};
		27D541912AA7E47300B2B1F8 /* LaunchScreen.storyboard */ = {
			isa = PBXVariantGroup;
			children = (
				27D541922AA7E47300B2B1F8 /* Base */,
			);
			name = LaunchScreen.storyboard;
			sourceTree = "<group>";
		};
/* End PBXVariantGroup section */

/* Begin XCBuildConfiguration section */
		27D541AB2AA7E47300B2B1F8 /* Debug */ = {
			isa = XCBuildConfiguration;
			buildSettings = {
				ALWAYS_SEARCH_USER_PATHS = NO;
				CLANG_ANALYZER_NONNULL = YES;
				CLANG_ANALYZER_NUMBER_OBJECT_CONVERSION = YES_AGGRESSIVE;
				CLANG_CXX_LANGUAGE_STANDARD = "gnu++20";
				CLANG_ENABLE_MODULES = YES;
				CLANG_ENABLE_OBJC_ARC = YES;
				CLANG_ENABLE_OBJC_WEAK = YES;
				CLANG_WARN_BLOCK_CAPTURE_AUTORELEASING = YES;
				CLANG_WARN_BOOL_CONVERSION = YES;
				CLANG_WARN_COMMA = YES;
				CLANG_WARN_CONSTANT_CONVERSION = YES;
				CLANG_WARN_DEPRECATED_OBJC_IMPLEMENTATIONS = YES;
				CLANG_WARN_DIRECT_OBJC_ISA_USAGE = YES_ERROR;
				CLANG_WARN_DOCUMENTATION_COMMENTS = YES;
				CLANG_WARN_EMPTY_BODY = YES;
				CLANG_WARN_ENUM_CONVERSION = YES;
				CLANG_WARN_INFINITE_RECURSION = YES;
				CLANG_WARN_INT_CONVERSION = YES;
				CLANG_WARN_NON_LITERAL_NULL_CONVERSION = YES;
				CLANG_WARN_OBJC_IMPLICIT_RETAIN_SELF = YES;
				CLANG_WARN_OBJC_LITERAL_CONVERSION = YES;
				CLANG_WARN_OBJC_ROOT_CLASS = YES_ERROR;
				CLANG_WARN_QUOTED_INCLUDE_IN_FRAMEWORK_HEADER = YES;
				CLANG_WARN_RANGE_LOOP_ANALYSIS = YES;
				CLANG_WARN_STRICT_PROTOTYPES = YES;
				CLANG_WARN_SUSPICIOUS_MOVE = YES;
				CLANG_WARN_UNGUARDED_AVAILABILITY = YES_AGGRESSIVE;
				CLANG_WARN_UNREACHABLE_CODE = YES;
				CLANG_WARN__DUPLICATE_METHOD_MATCH = YES;
				COPY_PHASE_STRIP = NO;
				DEBUG_INFORMATION_FORMAT = dwarf;
				ENABLE_STRICT_OBJC_MSGSEND = YES;
				ENABLE_TESTABILITY = YES;
				GCC_C_LANGUAGE_STANDARD = gnu11;
				GCC_DYNAMIC_NO_PIC = NO;
				GCC_NO_COMMON_BLOCKS = YES;
				GCC_OPTIMIZATION_LEVEL = 0;
				GCC_PREPROCESSOR_DEFINITIONS = (
					"DEBUG=1",
					"$(inherited)",
				);
				GCC_WARN_64_TO_32_BIT_CONVERSION = YES;
				GCC_WARN_ABOUT_RETURN_TYPE = YES_ERROR;
				GCC_WARN_UNDECLARED_SELECTOR = YES;
				GCC_WARN_UNINITIALIZED_AUTOS = YES_AGGRESSIVE;
				GCC_WARN_UNUSED_FUNCTION = YES;
				GCC_WARN_UNUSED_VARIABLE = YES;
				IPHONEOS_DEPLOYMENT_TARGET = 16.4;
				MTL_ENABLE_DEBUG_INFO = INCLUDE_SOURCE;
				MTL_FAST_MATH = YES;
				ONLY_ACTIVE_ARCH = YES;
				SDKROOT = iphoneos;
				SWIFT_ACTIVE_COMPILATION_CONDITIONS = DEBUG;
				SWIFT_OPTIMIZATION_LEVEL = "-Onone";
			};
			name = Debug;
		};
		27D541AC2AA7E47300B2B1F8 /* Release */ = {
			isa = XCBuildConfiguration;
			buildSettings = {
				ALWAYS_SEARCH_USER_PATHS = NO;
				CLANG_ANALYZER_NONNULL = YES;
				CLANG_ANALYZER_NUMBER_OBJECT_CONVERSION = YES_AGGRESSIVE;
				CLANG_CXX_LANGUAGE_STANDARD = "gnu++20";
				CLANG_ENABLE_MODULES = YES;
				CLANG_ENABLE_OBJC_ARC = YES;
				CLANG_ENABLE_OBJC_WEAK = YES;
				CLANG_WARN_BLOCK_CAPTURE_AUTORELEASING = YES;
				CLANG_WARN_BOOL_CONVERSION = YES;
				CLANG_WARN_COMMA = YES;
				CLANG_WARN_CONSTANT_CONVERSION = YES;
				CLANG_WARN_DEPRECATED_OBJC_IMPLEMENTATIONS = YES;
				CLANG_WARN_DIRECT_OBJC_ISA_USAGE = YES_ERROR;
				CLANG_WARN_DOCUMENTATION_COMMENTS = YES;
				CLANG_WARN_EMPTY_BODY = YES;
				CLANG_WARN_ENUM_CONVERSION = YES;
				CLANG_WARN_INFINITE_RECURSION = YES;
				CLANG_WARN_INT_CONVERSION = YES;
				CLANG_WARN_NON_LITERAL_NULL_CONVERSION = YES;
				CLANG_WARN_OBJC_IMPLICIT_RETAIN_SELF = YES;
				CLANG_WARN_OBJC_LITERAL_CONVERSION = YES;
				CLANG_WARN_OBJC_ROOT_CLASS = YES_ERROR;
				CLANG_WARN_QUOTED_INCLUDE_IN_FRAMEWORK_HEADER = YES;
				CLANG_WARN_RANGE_LOOP_ANALYSIS = YES;
				CLANG_WARN_STRICT_PROTOTYPES = YES;
				CLANG_WARN_SUSPICIOUS_MOVE = YES;
				CLANG_WARN_UNGUARDED_AVAILABILITY = YES_AGGRESSIVE;
				CLANG_WARN_UNREACHABLE_CODE = YES;
				CLANG_WARN__DUPLICATE_METHOD_MATCH = YES;
				COPY_PHASE_STRIP = NO;
				DEBUG_INFORMATION_FORMAT = "dwarf-with-dsym";
				ENABLE_NS_ASSERTIONS = NO;
				ENABLE_STRICT_OBJC_MSGSEND = YES;
				GCC_C_LANGUAGE_STANDARD = gnu11;
				GCC_NO_COMMON_BLOCKS = YES;
				GCC_WARN_64_TO_32_BIT_CONVERSION = YES;
				GCC_WARN_ABOUT_RETURN_TYPE = YES_ERROR;
				GCC_WARN_UNDECLARED_SELECTOR = YES;
				GCC_WARN_UNINITIALIZED_AUTOS = YES_AGGRESSIVE;
				GCC_WARN_UNUSED_FUNCTION = YES;
				GCC_WARN_UNUSED_VARIABLE = YES;
				IPHONEOS_DEPLOYMENT_TARGET = 16.4;
				MTL_ENABLE_DEBUG_INFO = NO;
				MTL_FAST_MATH = YES;
				SDKROOT = iphoneos;
				SWIFT_COMPILATION_MODE = wholemodule;
				SWIFT_OPTIMIZATION_LEVEL = "-O";
				VALIDATE_PRODUCT = YES;
			};
			name = Release;
		};
		27D541AE2AA7E47300B2B1F8 /* Debug */ = {
			isa = XCBuildConfiguration;
			buildSettings = {
				ASSETCATALOG_COMPILER_APPICON_NAME = AppIcon;
				ASSETCATALOG_COMPILER_GLOBAL_ACCENT_COLOR_NAME = AccentColor;
				CODE_SIGN_STYLE = Automatic;
				CURRENT_PROJECT_VERSION = 1;
				DEVELOPMENT_TEAM = K324XY3Y8B;
				GENERATE_INFOPLIST_FILE = YES;
				INFOPLIST_FILE = appExample/Info.plist;
				INFOPLIST_KEY_UIApplicationSupportsIndirectInputEvents = YES;
				INFOPLIST_KEY_UILaunchStoryboardName = LaunchScreen;
				INFOPLIST_KEY_UIMainStoryboardFile = Main;
				INFOPLIST_KEY_UISupportedInterfaceOrientations_iPad = "UIInterfaceOrientationPortrait UIInterfaceOrientationPortraitUpsideDown UIInterfaceOrientationLandscapeLeft UIInterfaceOrientationLandscapeRight";
				INFOPLIST_KEY_UISupportedInterfaceOrientations_iPhone = "UIInterfaceOrientationPortrait UIInterfaceOrientationLandscapeLeft UIInterfaceOrientationLandscapeRight";
				LD_RUNPATH_SEARCH_PATHS = (
					"$(inherited)",
					"@executable_path/Frameworks",
				);
				MARKETING_VERSION = 1.0;
				PRODUCT_BUNDLE_IDENTIFIER = CS44003.appExample;
				PRODUCT_NAME = "$(TARGET_NAME)";
				SWIFT_EMIT_LOC_STRINGS = YES;
				SWIFT_VERSION = 5.0;
				TARGETED_DEVICE_FAMILY = "1,2";
			};
			name = Debug;
		};
		27D541AF2AA7E47300B2B1F8 /* Release */ = {
			isa = XCBuildConfiguration;
			buildSettings = {
				ASSETCATALOG_COMPILER_APPICON_NAME = AppIcon;
				ASSETCATALOG_COMPILER_GLOBAL_ACCENT_COLOR_NAME = AccentColor;
				CODE_SIGN_STYLE = Automatic;
				CURRENT_PROJECT_VERSION = 1;
				DEVELOPMENT_TEAM = K324XY3Y8B;
				GENERATE_INFOPLIST_FILE = YES;
				INFOPLIST_FILE = appExample/Info.plist;
				INFOPLIST_KEY_UIApplicationSupportsIndirectInputEvents = YES;
				INFOPLIST_KEY_UILaunchStoryboardName = LaunchScreen;
				INFOPLIST_KEY_UIMainStoryboardFile = Main;
				INFOPLIST_KEY_UISupportedInterfaceOrientations_iPad = "UIInterfaceOrientationPortrait UIInterfaceOrientationPortraitUpsideDown UIInterfaceOrientationLandscapeLeft UIInterfaceOrientationLandscapeRight";
				INFOPLIST_KEY_UISupportedInterfaceOrientations_iPhone = "UIInterfaceOrientationPortrait UIInterfaceOrientationLandscapeLeft UIInterfaceOrientationLandscapeRight";
				LD_RUNPATH_SEARCH_PATHS = (
					"$(inherited)",
					"@executable_path/Frameworks",
				);
				MARKETING_VERSION = 1.0;
				PRODUCT_BUNDLE_IDENTIFIER = CS44003.appExample;
				PRODUCT_NAME = "$(TARGET_NAME)";
				SWIFT_EMIT_LOC_STRINGS = YES;
				SWIFT_VERSION = 5.0;
				TARGETED_DEVICE_FAMILY = "1,2";
			};
			name = Release;
		};
		27D541B12AA7E47300B2B1F8 /* Debug */ = {
			isa = XCBuildConfiguration;
			buildSettings = {
				ALWAYS_EMBED_SWIFT_STANDARD_LIBRARIES = YES;
				BUNDLE_LOADER = "$(TEST_HOST)";
				CODE_SIGN_STYLE = Automatic;
				CURRENT_PROJECT_VERSION = 1;
				DEVELOPMENT_TEAM = K324XY3Y8B;
				GENERATE_INFOPLIST_FILE = YES;
				IPHONEOS_DEPLOYMENT_TARGET = 16.4;
				MARKETING_VERSION = 1.0;
				PRODUCT_BUNDLE_IDENTIFIER = CS44003.appExampleTests;
				PRODUCT_NAME = "$(TARGET_NAME)";
				SWIFT_EMIT_LOC_STRINGS = NO;
				SWIFT_VERSION = 5.0;
				TARGETED_DEVICE_FAMILY = "1,2";
				TEST_HOST = "$(BUILT_PRODUCTS_DIR)/appExample.app/$(BUNDLE_EXECUTABLE_FOLDER_PATH)/appExample";
			};
			name = Debug;
		};
		27D541B22AA7E47300B2B1F8 /* Release */ = {
			isa = XCBuildConfiguration;
			buildSettings = {
				ALWAYS_EMBED_SWIFT_STANDARD_LIBRARIES = YES;
				BUNDLE_LOADER = "$(TEST_HOST)";
				CODE_SIGN_STYLE = Automatic;
				CURRENT_PROJECT_VERSION = 1;
				DEVELOPMENT_TEAM = K324XY3Y8B;
				GENERATE_INFOPLIST_FILE = YES;
				IPHONEOS_DEPLOYMENT_TARGET = 16.4;
				MARKETING_VERSION = 1.0;
				PRODUCT_BUNDLE_IDENTIFIER = CS44003.appExampleTests;
				PRODUCT_NAME = "$(TARGET_NAME)";
				SWIFT_EMIT_LOC_STRINGS = NO;
				SWIFT_VERSION = 5.0;
				TARGETED_DEVICE_FAMILY = "1,2";
				TEST_HOST = "$(BUILT_PRODUCTS_DIR)/appExample.app/$(BUNDLE_EXECUTABLE_FOLDER_PATH)/appExample";
			};
			name = Release;
		};
		27D541B42AA7E47300B2B1F8 /* Debug */ = {
			isa = XCBuildConfiguration;
			buildSettings = {
				ALWAYS_EMBED_SWIFT_STANDARD_LIBRARIES = YES;
				CODE_SIGN_STYLE = Automatic;
				CURRENT_PROJECT_VERSION = 1;
				DEVELOPMENT_TEAM = K324XY3Y8B;
				GENERATE_INFOPLIST_FILE = YES;
				MARKETING_VERSION = 1.0;
				PRODUCT_BUNDLE_IDENTIFIER = CS44003.appExampleUITests;
				PRODUCT_NAME = "$(TARGET_NAME)";
				SWIFT_EMIT_LOC_STRINGS = NO;
				SWIFT_VERSION = 5.0;
				TARGETED_DEVICE_FAMILY = "1,2";
				TEST_TARGET_NAME = appExample;
			};
			name = Debug;
		};
		27D541B52AA7E47300B2B1F8 /* Release */ = {
			isa = XCBuildConfiguration;
			buildSettings = {
				ALWAYS_EMBED_SWIFT_STANDARD_LIBRARIES = YES;
				CODE_SIGN_STYLE = Automatic;
				CURRENT_PROJECT_VERSION = 1;
				DEVELOPMENT_TEAM = K324XY3Y8B;
				GENERATE_INFOPLIST_FILE = YES;
				MARKETING_VERSION = 1.0;
				PRODUCT_BUNDLE_IDENTIFIER = CS44003.appExampleUITests;
				PRODUCT_NAME = "$(TARGET_NAME)";
				SWIFT_EMIT_LOC_STRINGS = NO;
				SWIFT_VERSION = 5.0;
				TARGETED_DEVICE_FAMILY = "1,2";
				TEST_TARGET_NAME = appExample;
			};
			name = Release;
		};
/* End XCBuildConfiguration section */

/* Begin XCConfigurationList section */
		27D5417E2AA7E46F00B2B1F8 /* Build configuration list for PBXProject "appExample" */ = {
			isa = XCConfigurationList;
			buildConfigurations = (
				27D541AB2AA7E47300B2B1F8 /* Debug */,
				27D541AC2AA7E47300B2B1F8 /* Release */,
			);
			defaultConfigurationIsVisible = 0;
			defaultConfigurationName = Release;
		};
		27D541AD2AA7E47300B2B1F8 /* Build configuration list for PBXNativeTarget "appExample" */ = {
			isa = XCConfigurationList;
			buildConfigurations = (
				27D541AE2AA7E47300B2B1F8 /* Debug */,
				27D541AF2AA7E47300B2B1F8 /* Release */,
			);
			defaultConfigurationIsVisible = 0;
			defaultConfigurationName = Release;
		};
		27D541B02AA7E47300B2B1F8 /* Build configuration list for PBXNativeTarget "appExampleTests" */ = {
			isa = XCConfigurationList;
			buildConfigurations = (
				27D541B12AA7E47300B2B1F8 /* Debug */,
				27D541B22AA7E47300B2B1F8 /* Release */,
			);
			defaultConfigurationIsVisible = 0;
			defaultConfigurationName = Release;
		};
		27D541B32AA7E47300B2B1F8 /* Build configuration list for PBXNativeTarget "appExampleUITests" */ = {
			isa = XCConfigurationList;
			buildConfigurations = (
				27D541B42AA7E47300B2B1F8 /* Debug */,
				27D541B52AA7E47300B2B1F8 /* Release */,
			);
			defaultConfigurationIsVisible = 0;
			defaultConfigurationName = Release;
		};
/* End XCConfigurationList section */
	};
	rootObject = 27D5417B2AA7E46F00B2B1F8 /* Project object */;
}
