// !$*UTF8*$!
{
	archiveVersion = 1;
	classes = {
	};
	objectVersion = 56;
	objects = {

/* Begin PBXBuildFile section */
		27D541C32AAA833E00B2B1F8 /* AppDelegate.swift in Sources */ = {isa = PBXBuildFile; fileRef = 27D541C22AAA833E00B2B1F8 /* AppDelegate.swift */; };
		27D541C52AAA833E00B2B1F8 /* SceneDelegate.swift in Sources */ = {isa = PBXBuildFile; fileRef = 27D541C42AAA833E00B2B1F8 /* SceneDelegate.swift */; };
		27D541C72AAA833E00B2B1F8 /* ViewController.swift in Sources */ = {isa = PBXBuildFile; fileRef = 27D541C62AAA833E00B2B1F8 /* ViewController.swift */; };
		27D541CA2AAA833E00B2B1F8 /* Main.storyboard in Resources */ = {isa = PBXBuildFile; fileRef = 27D541C82AAA833E00B2B1F8 /* Main.storyboard */; };
		27D541CC2AAA834200B2B1F8 /* Assets.xcassets in Resources */ = {isa = PBXBuildFile; fileRef = 27D541CB2AAA834200B2B1F8 /* Assets.xcassets */; };
		27D541CF2AAA834200B2B1F8 /* LaunchScreen.storyboard in Resources */ = {isa = PBXBuildFile; fileRef = 27D541CD2AAA834200B2B1F8 /* LaunchScreen.storyboard */; };
		27D541DA2AAA834200B2B1F8 /* ClassExampleTests.swift in Sources */ = {isa = PBXBuildFile; fileRef = 27D541D92AAA834200B2B1F8 /* ClassExampleTests.swift */; };
		27D541E42AAA834200B2B1F8 /* ClassExampleUITests.swift in Sources */ = {isa = PBXBuildFile; fileRef = 27D541E32AAA834200B2B1F8 /* ClassExampleUITests.swift */; };
		27D541E62AAA834200B2B1F8 /* ClassExampleUITestsLaunchTests.swift in Sources */ = {isa = PBXBuildFile; fileRef = 27D541E52AAA834200B2B1F8 /* ClassExampleUITestsLaunchTests.swift */; };
/* End PBXBuildFile section */

/* Begin PBXContainerItemProxy section */
		27D541D62AAA834200B2B1F8 /* PBXContainerItemProxy */ = {
			isa = PBXContainerItemProxy;
			containerPortal = 27D541B72AAA833E00B2B1F8 /* Project object */;
			proxyType = 1;
			remoteGlobalIDString = 27D541BE2AAA833E00B2B1F8;
			remoteInfo = ClassExample;
		};
		27D541E02AAA834200B2B1F8 /* PBXContainerItemProxy */ = {
			isa = PBXContainerItemProxy;
			containerPortal = 27D541B72AAA833E00B2B1F8 /* Project object */;
			proxyType = 1;
			remoteGlobalIDString = 27D541BE2AAA833E00B2B1F8;
			remoteInfo = ClassExample;
		};
/* End PBXContainerItemProxy section */

/* Begin PBXFileReference section */
		27D541BF2AAA833E00B2B1F8 /* ClassExample.app */ = {isa = PBXFileReference; explicitFileType = wrapper.application; includeInIndex = 0; path = ClassExample.app; sourceTree = BUILT_PRODUCTS_DIR; };
		27D541C22AAA833E00B2B1F8 /* AppDelegate.swift */ = {isa = PBXFileReference; lastKnownFileType = sourcecode.swift; path = AppDelegate.swift; sourceTree = "<group>"; };
		27D541C42AAA833E00B2B1F8 /* SceneDelegate.swift */ = {isa = PBXFileReference; lastKnownFileType = sourcecode.swift; path = SceneDelegate.swift; sourceTree = "<group>"; };
		27D541C62AAA833E00B2B1F8 /* ViewController.swift */ = {isa = PBXFileReference; lastKnownFileType = sourcecode.swift; path = ViewController.swift; sourceTree = "<group>"; };
		27D541C92AAA833E00B2B1F8 /* Base */ = {isa = PBXFileReference; lastKnownFileType = file.storyboard; name = Base; path = Base.lproj/Main.storyboard; sourceTree = "<group>"; };
		27D541CB2AAA834200B2B1F8 /* Assets.xcassets */ = {isa = PBXFileReference; lastKnownFileType = folder.assetcatalog; path = Assets.xcassets; sourceTree = "<group>"; };
		27D541CE2AAA834200B2B1F8 /* Base */ = {isa = PBXFileReference; lastKnownFileType = file.storyboard; name = Base; path = Base.lproj/LaunchScreen.storyboard; sourceTree = "<group>"; };
		27D541D02AAA834200B2B1F8 /* Info.plist */ = {isa = PBXFileReference; lastKnownFileType = text.plist.xml; path = Info.plist; sourceTree = "<group>"; };
		27D541D52AAA834200B2B1F8 /* ClassExampleTests.xctest */ = {isa = PBXFileReference; explicitFileType = wrapper.cfbundle; includeInIndex = 0; path = ClassExampleTests.xctest; sourceTree = BUILT_PRODUCTS_DIR; };
		27D541D92AAA834200B2B1F8 /* ClassExampleTests.swift */ = {isa = PBXFileReference; lastKnownFileType = sourcecode.swift; path = ClassExampleTests.swift; sourceTree = "<group>"; };
		27D541DF2AAA834200B2B1F8 /* ClassExampleUITests.xctest */ = {isa = PBXFileReference; explicitFileType = wrapper.cfbundle; includeInIndex = 0; path = ClassExampleUITests.xctest; sourceTree = BUILT_PRODUCTS_DIR; };
		27D541E32AAA834200B2B1F8 /* ClassExampleUITests.swift */ = {isa = PBXFileReference; lastKnownFileType = sourcecode.swift; path = ClassExampleUITests.swift; sourceTree = "<group>"; };
		27D541E52AAA834200B2B1F8 /* ClassExampleUITestsLaunchTests.swift */ = {isa = PBXFileReference; lastKnownFileType = sourcecode.swift; path = ClassExampleUITestsLaunchTests.swift; sourceTree = "<group>"; };
/* End PBXFileReference section */

/* Begin PBXFrameworksBuildPhase section */
		27D541BC2AAA833E00B2B1F8 /* Frameworks */ = {
			isa = PBXFrameworksBuildPhase;
			buildActionMask = 2147483647;
			files = (
			);
			runOnlyForDeploymentPostprocessing = 0;
		};
		27D541D22AAA834200B2B1F8 /* Frameworks */ = {
			isa = PBXFrameworksBuildPhase;
			buildActionMask = 2147483647;
			files = (
			);
			runOnlyForDeploymentPostprocessing = 0;
		};
		27D541DC2AAA834200B2B1F8 /* Frameworks */ = {
			isa = PBXFrameworksBuildPhase;
			buildActionMask = 2147483647;
			files = (
			);
			runOnlyForDeploymentPostprocessing = 0;
		};
/* End PBXFrameworksBuildPhase section */

/* Begin PBXGroup section */
		27D541B62AAA833E00B2B1F8 = {
			isa = PBXGroup;
			children = (
				27D541C12AAA833E00B2B1F8 /* ClassExample */,
				27D541D82AAA834200B2B1F8 /* ClassExampleTests */,
				27D541E22AAA834200B2B1F8 /* ClassExampleUITests */,
				27D541C02AAA833E00B2B1F8 /* Products */,
			);
			sourceTree = "<group>";
		};
		27D541C02AAA833E00B2B1F8 /* Products */ = {
			isa = PBXGroup;
			children = (
				27D541BF2AAA833E00B2B1F8 /* ClassExample.app */,
				27D541D52AAA834200B2B1F8 /* ClassExampleTests.xctest */,
				27D541DF2AAA834200B2B1F8 /* ClassExampleUITests.xctest */,
			);
			name = Products;
			sourceTree = "<group>";
		};
		27D541C12AAA833E00B2B1F8 /* ClassExample */ = {
			isa = PBXGroup;
			children = (
				27D541C22AAA833E00B2B1F8 /* AppDelegate.swift */,
				27D541C42AAA833E00B2B1F8 /* SceneDelegate.swift */,
				27D541C62AAA833E00B2B1F8 /* ViewController.swift */,
				27D541C82AAA833E00B2B1F8 /* Main.storyboard */,
				27D541CB2AAA834200B2B1F8 /* Assets.xcassets */,
				27D541CD2AAA834200B2B1F8 /* LaunchScreen.storyboard */,
				27D541D02AAA834200B2B1F8 /* Info.plist */,
			);
			path = ClassExample;
			sourceTree = "<group>";
		};
		27D541D82AAA834200B2B1F8 /* ClassExampleTests */ = {
			isa = PBXGroup;
			children = (
				27D541D92AAA834200B2B1F8 /* ClassExampleTests.swift */,
			);
			path = ClassExampleTests;
			sourceTree = "<group>";
		};
		27D541E22AAA834200B2B1F8 /* ClassExampleUITests */ = {
			isa = PBXGroup;
			children = (
				27D541E32AAA834200B2B1F8 /* ClassExampleUITests.swift */,
				27D541E52AAA834200B2B1F8 /* ClassExampleUITestsLaunchTests.swift */,
			);
			path = ClassExampleUITests;
			sourceTree = "<group>";
		};
/* End PBXGroup section */

/* Begin PBXNativeTarget section */
		27D541BE2AAA833E00B2B1F8 /* ClassExample */ = {
			isa = PBXNativeTarget;
			buildConfigurationList = 27D541E92AAA834200B2B1F8 /* Build configuration list for PBXNativeTarget "ClassExample" */;
			buildPhases = (
				27D541BB2AAA833E00B2B1F8 /* Sources */,
				27D541BC2AAA833E00B2B1F8 /* Frameworks */,
				27D541BD2AAA833E00B2B1F8 /* Resources */,
			);
			buildRules = (
			);
			dependencies = (
			);
			name = ClassExample;
			productName = ClassExample;
			productReference = 27D541BF2AAA833E00B2B1F8 /* ClassExample.app */;
			productType = "com.apple.product-type.application";
		};
		27D541D42AAA834200B2B1F8 /* ClassExampleTests */ = {
			isa = PBXNativeTarget;
			buildConfigurationList = 27D541EC2AAA834200B2B1F8 /* Build configuration list for PBXNativeTarget "ClassExampleTests" */;
			buildPhases = (
				27D541D12AAA834200B2B1F8 /* Sources */,
				27D541D22AAA834200B2B1F8 /* Frameworks */,
				27D541D32AAA834200B2B1F8 /* Resources */,
			);
			buildRules = (
			);
			dependencies = (
				27D541D72AAA834200B2B1F8 /* PBXTargetDependency */,
			);
			name = ClassExampleTests;
			productName = ClassExampleTests;
			productReference = 27D541D52AAA834200B2B1F8 /* ClassExampleTests.xctest */;
			productType = "com.apple.product-type.bundle.unit-test";
		};
		27D541DE2AAA834200B2B1F8 /* ClassExampleUITests */ = {
			isa = PBXNativeTarget;
			buildConfigurationList = 27D541EF2AAA834200B2B1F8 /* Build configuration list for PBXNativeTarget "ClassExampleUITests" */;
			buildPhases = (
				27D541DB2AAA834200B2B1F8 /* Sources */,
				27D541DC2AAA834200B2B1F8 /* Frameworks */,
				27D541DD2AAA834200B2B1F8 /* Resources */,
			);
			buildRules = (
			);
			dependencies = (
				27D541E12AAA834200B2B1F8 /* PBXTargetDependency */,
			);
			name = ClassExampleUITests;
			productName = ClassExampleUITests;
			productReference = 27D541DF2AAA834200B2B1F8 /* ClassExampleUITests.xctest */;
			productType = "com.apple.product-type.bundle.ui-testing";
		};
/* End PBXNativeTarget section */

/* Begin PBXProject section */
		27D541B72AAA833E00B2B1F8 /* Project object */ = {
			isa = PBXProject;
			attributes = {
				BuildIndependentTargetsInParallel = 1;
				LastSwiftUpdateCheck = 1430;
				LastUpgradeCheck = 1430;
				TargetAttributes = {
					27D541BE2AAA833E00B2B1F8 = {
						CreatedOnToolsVersion = 14.3.1;
					};
					27D541D42AAA834200B2B1F8 = {
						CreatedOnToolsVersion = 14.3.1;
						TestTargetID = 27D541BE2AAA833E00B2B1F8;
					};
					27D541DE2AAA834200B2B1F8 = {
						CreatedOnToolsVersion = 14.3.1;
						TestTargetID = 27D541BE2AAA833E00B2B1F8;
					};
				};
			};
			buildConfigurationList = 27D541BA2AAA833E00B2B1F8 /* Build configuration list for PBXProject "ClassExample" */;
			compatibilityVersion = "Xcode 14.0";
			developmentRegion = en;
			hasScannedForEncodings = 0;
			knownRegions = (
				en,
				Base,
			);
			mainGroup = 27D541B62AAA833E00B2B1F8;
			productRefGroup = 27D541C02AAA833E00B2B1F8 /* Products */;
			projectDirPath = "";
			projectRoot = "";
			targets = (
				27D541BE2AAA833E00B2B1F8 /* ClassExample */,
				27D541D42AAA834200B2B1F8 /* ClassExampleTests */,
				27D541DE2AAA834200B2B1F8 /* ClassExampleUITests */,
			);
		};
/* End PBXProject section */

/* Begin PBXResourcesBuildPhase section */
		27D541BD2AAA833E00B2B1F8 /* Resources */ = {
			isa = PBXResourcesBuildPhase;
			buildActionMask = 2147483647;
			files = (
				27D541CF2AAA834200B2B1F8 /* LaunchScreen.storyboard in Resources */,
				27D541CC2AAA834200B2B1F8 /* Assets.xcassets in Resources */,
				27D541CA2AAA833E00B2B1F8 /* Main.storyboard in Resources */,
			);
			runOnlyForDeploymentPostprocessing = 0;
		};
		27D541D32AAA834200B2B1F8 /* Resources */ = {
			isa = PBXResourcesBuildPhase;
			buildActionMask = 2147483647;
			files = (
			);
			runOnlyForDeploymentPostprocessing = 0;
		};
		27D541DD2AAA834200B2B1F8 /* Resources */ = {
			isa = PBXResourcesBuildPhase;
			buildActionMask = 2147483647;
			files = (
			);
			runOnlyForDeploymentPostprocessing = 0;
		};
/* End PBXResourcesBuildPhase section */

/* Begin PBXSourcesBuildPhase section */
		27D541BB2AAA833E00B2B1F8 /* Sources */ = {
			isa = PBXSourcesBuildPhase;
			buildActionMask = 2147483647;
			files = (
				27D541C72AAA833E00B2B1F8 /* ViewController.swift in Sources */,
				27D541C32AAA833E00B2B1F8 /* AppDelegate.swift in Sources */,
				27D541C52AAA833E00B2B1F8 /* SceneDelegate.swift in Sources */,
			);
			runOnlyForDeploymentPostprocessing = 0;
		};
		27D541D12AAA834200B2B1F8 /* Sources */ = {
			isa = PBXSourcesBuildPhase;
			buildActionMask = 2147483647;
			files = (
				27D541DA2AAA834200B2B1F8 /* ClassExampleTests.swift in Sources */,
			);
			runOnlyForDeploymentPostprocessing = 0;
		};
		27D541DB2AAA834200B2B1F8 /* Sources */ = {
			isa = PBXSourcesBuildPhase;
			buildActionMask = 2147483647;
			files = (
				27D541E62AAA834200B2B1F8 /* ClassExampleUITestsLaunchTests.swift in Sources */,
				27D541E42AAA834200B2B1F8 /* ClassExampleUITests.swift in Sources */,
			);
			runOnlyForDeploymentPostprocessing = 0;
		};
/* End PBXSourcesBuildPhase section */

/* Begin PBXTargetDependency section */
		27D541D72AAA834200B2B1F8 /* PBXTargetDependency */ = {
			isa = PBXTargetDependency;
			target = 27D541BE2AAA833E00B2B1F8 /* ClassExample */;
			targetProxy = 27D541D62AAA834200B2B1F8 /* PBXContainerItemProxy */;
		};
		27D541E12AAA834200B2B1F8 /* PBXTargetDependency */ = {
			isa = PBXTargetDependency;
			target = 27D541BE2AAA833E00B2B1F8 /* ClassExample */;
			targetProxy = 27D541E02AAA834200B2B1F8 /* PBXContainerItemProxy */;
		};
/* End PBXTargetDependency section */

/* Begin PBXVariantGroup section */
		27D541C82AAA833E00B2B1F8 /* Main.storyboard */ = {
			isa = PBXVariantGroup;
			children = (
				27D541C92AAA833E00B2B1F8 /* Base */,
			);
			name = Main.storyboard;
			sourceTree = "<group>";
		};
		27D541CD2AAA834200B2B1F8 /* LaunchScreen.storyboard */ = {
			isa = PBXVariantGroup;
			children = (
				27D541CE2AAA834200B2B1F8 /* Base */,
			);
			name = LaunchScreen.storyboard;
			sourceTree = "<group>";
		};
/* End PBXVariantGroup section */

/* Begin XCBuildConfiguration section */
		27D541E72AAA834200B2B1F8 /* Debug */ = {
			isa = XCBuildConfiguration;
			buildSettings = {
				ALWAYS_SEARCH_USER_PATHS = NO;
				CLANG_ANALYZER_NONNULL = YES;
				CLANG_ANALYZER_NUMBER_OBJECT_CONVERSION = YES_AGGRESSIVE;
				CLANG_CXX_LANGUAGE_STANDARD = "gnu++20";
				CLANG_ENABLE_MODULES = YES;
				CLANG_ENABLE_OBJC_ARC = YES;
				CLANG_ENABLE_OBJC_WEAK = YES;
				CLANG_WARN_BLOCK_CAPTURE_AUTORELEASING = YES;
				CLANG_WARN_BOOL_CONVERSION = YES;
				CLANG_WARN_COMMA = YES;
				CLANG_WARN_CONSTANT_CONVERSION = YES;
				CLANG_WARN_DEPRECATED_OBJC_IMPLEMENTATIONS = YES;
				CLANG_WARN_DIRECT_OBJC_ISA_USAGE = YES_ERROR;
				CLANG_WARN_DOCUMENTATION_COMMENTS = YES;
				CLANG_WARN_EMPTY_BODY = YES;
				CLANG_WARN_ENUM_CONVERSION = YES;
				CLANG_WARN_INFINITE_RECURSION = YES;
				CLANG_WARN_INT_CONVERSION = YES;
				CLANG_WARN_NON_LITERAL_NULL_CONVERSION = YES;
				CLANG_WARN_OBJC_IMPLICIT_RETAIN_SELF = YES;
				CLANG_WARN_OBJC_LITERAL_CONVERSION = YES;
				CLANG_WARN_OBJC_ROOT_CLASS = YES_ERROR;
				CLANG_WARN_QUOTED_INCLUDE_IN_FRAMEWORK_HEADER = YES;
				CLANG_WARN_RANGE_LOOP_ANALYSIS = YES;
				CLANG_WARN_STRICT_PROTOTYPES = YES;
				CLANG_WARN_SUSPICIOUS_MOVE = YES;
				CLANG_WARN_UNGUARDED_AVAILABILITY = YES_AGGRESSIVE;
				CLANG_WARN_UNREACHABLE_CODE = YES;
				CLANG_WARN__DUPLICATE_METHOD_MATCH = YES;
				COPY_PHASE_STRIP = NO;
				DEBUG_INFORMATION_FORMAT = dwarf;
				ENABLE_STRICT_OBJC_MSGSEND = YES;
				ENABLE_TESTABILITY = YES;
				GCC_C_LANGUAGE_STANDARD = gnu11;
				GCC_DYNAMIC_NO_PIC = NO;
				GCC_NO_COMMON_BLOCKS = YES;
				GCC_OPTIMIZATION_LEVEL = 0;
				GCC_PREPROCESSOR_DEFINITIONS = (
					"DEBUG=1",
					"$(inherited)",
				);
				GCC_WARN_64_TO_32_BIT_CONVERSION = YES;
				GCC_WARN_ABOUT_RETURN_TYPE = YES_ERROR;
				GCC_WARN_UNDECLARED_SELECTOR = YES;
				GCC_WARN_UNINITIALIZED_AUTOS = YES_AGGRESSIVE;
				GCC_WARN_UNUSED_FUNCTION = YES;
				GCC_WARN_UNUSED_VARIABLE = YES;
				IPHONEOS_DEPLOYMENT_TARGET = 16.4;
				MTL_ENABLE_DEBUG_INFO = INCLUDE_SOURCE;
				MTL_FAST_MATH = YES;
				ONLY_ACTIVE_ARCH = YES;
				SDKROOT = iphoneos;
				SWIFT_ACTIVE_COMPILATION_CONDITIONS = DEBUG;
				SWIFT_OPTIMIZATION_LEVEL = "-Onone";
			};
			name = Debug;
		};
		27D541E82AAA834200B2B1F8 /* Release */ = {
			isa = XCBuildConfiguration;
			buildSettings = {
				ALWAYS_SEARCH_USER_PATHS = NO;
				CLANG_ANALYZER_NONNULL = YES;
				CLANG_ANALYZER_NUMBER_OBJECT_CONVERSION = YES_AGGRESSIVE;
				CLANG_CXX_LANGUAGE_STANDARD = "gnu++20";
				CLANG_ENABLE_MODULES = YES;
				CLANG_ENABLE_OBJC_ARC = YES;
				CLANG_ENABLE_OBJC_WEAK = YES;
				CLANG_WARN_BLOCK_CAPTURE_AUTORELEASING = YES;
				CLANG_WARN_BOOL_CONVERSION = YES;
				CLANG_WARN_COMMA = YES;
				CLANG_WARN_CONSTANT_CONVERSION = YES;
				CLANG_WARN_DEPRECATED_OBJC_IMPLEMENTATIONS = YES;
				CLANG_WARN_DIRECT_OBJC_ISA_USAGE = YES_ERROR;
				CLANG_WARN_DOCUMENTATION_COMMENTS = YES;
				CLANG_WARN_EMPTY_BODY = YES;
				CLANG_WARN_ENUM_CONVERSION = YES;
				CLANG_WARN_INFINITE_RECURSION = YES;
				CLANG_WARN_INT_CONVERSION = YES;
				CLANG_WARN_NON_LITERAL_NULL_CONVERSION = YES;
				CLANG_WARN_OBJC_IMPLICIT_RETAIN_SELF = YES;
				CLANG_WARN_OBJC_LITERAL_CONVERSION = YES;
				CLANG_WARN_OBJC_ROOT_CLASS = YES_ERROR;
				CLANG_WARN_QUOTED_INCLUDE_IN_FRAMEWORK_HEADER = YES;
				CLANG_WARN_RANGE_LOOP_ANALYSIS = YES;
				CLANG_WARN_STRICT_PROTOTYPES = YES;
				CLANG_WARN_SUSPICIOUS_MOVE = YES;
				CLANG_WARN_UNGUARDED_AVAILABILITY = YES_AGGRESSIVE;
				CLANG_WARN_UNREACHABLE_CODE = YES;
				CLANG_WARN__DUPLICATE_METHOD_MATCH = YES;
				COPY_PHASE_STRIP = NO;
				DEBUG_INFORMATION_FORMAT = "dwarf-with-dsym";
				ENABLE_NS_ASSERTIONS = NO;
				ENABLE_STRICT_OBJC_MSGSEND = YES;
				GCC_C_LANGUAGE_STANDARD = gnu11;
				GCC_NO_COMMON_BLOCKS = YES;
				GCC_WARN_64_TO_32_BIT_CONVERSION = YES;
				GCC_WARN_ABOUT_RETURN_TYPE = YES_ERROR;
				GCC_WARN_UNDECLARED_SELECTOR = YES;
				GCC_WARN_UNINITIALIZED_AUTOS = YES_AGGRESSIVE;
				GCC_WARN_UNUSED_FUNCTION = YES;
				GCC_WARN_UNUSED_VARIABLE = YES;
				IPHONEOS_DEPLOYMENT_TARGET = 16.4;
				MTL_ENABLE_DEBUG_INFO = NO;
				MTL_FAST_MATH = YES;
				SDKROOT = iphoneos;
				SWIFT_COMPILATION_MODE = wholemodule;
				SWIFT_OPTIMIZATION_LEVEL = "-O";
				VALIDATE_PRODUCT = YES;
			};
			name = Release;
		};
		27D541EA2AAA834200B2B1F8 /* Debug */ = {
			isa = XCBuildConfiguration;
			buildSettings = {
				ASSETCATALOG_COMPILER_APPICON_NAME = AppIcon;
				ASSETCATALOG_COMPILER_GLOBAL_ACCENT_COLOR_NAME = AccentColor;
				CODE_SIGN_STYLE = Automatic;
				CURRENT_PROJECT_VERSION = 1;
				DEVELOPMENT_TEAM = K324XY3Y8B;
				GENERATE_INFOPLIST_FILE = YES;
				INFOPLIST_FILE = ClassExample/Info.plist;
				INFOPLIST_KEY_UIApplicationSupportsIndirectInputEvents = YES;
				INFOPLIST_KEY_UILaunchStoryboardName = LaunchScreen;
				INFOPLIST_KEY_UIMainStoryboardFile = Main;
				INFOPLIST_KEY_UISupportedInterfaceOrientations_iPad = "UIInterfaceOrientationPortrait UIInterfaceOrientationPortraitUpsideDown UIInterfaceOrientationLandscapeLeft UIInterfaceOrientationLandscapeRight";
				INFOPLIST_KEY_UISupportedInterfaceOrientations_iPhone = "UIInterfaceOrientationPortrait UIInterfaceOrientationLandscapeLeft UIInterfaceOrientationLandscapeRight";
				LD_RUNPATH_SEARCH_PATHS = (
					"$(inherited)",
					"@executable_path/Frameworks",
				);
				MARKETING_VERSION = 1.0;
				PRODUCT_BUNDLE_IDENTIFIER = CS44003.ClassExample;
				PRODUCT_NAME = "$(TARGET_NAME)";
				SWIFT_EMIT_LOC_STRINGS = YES;
				SWIFT_VERSION = 5.0;
				TARGETED_DEVICE_FAMILY = "1,2";
			};
			name = Debug;
		};
		27D541EB2AAA834200B2B1F8 /* Release */ = {
			isa = XCBuildConfiguration;
			buildSettings = {
				ASSETCATALOG_COMPILER_APPICON_NAME = AppIcon;
				ASSETCATALOG_COMPILER_GLOBAL_ACCENT_COLOR_NAME = AccentColor;
				CODE_SIGN_STYLE = Automatic;
				CURRENT_PROJECT_VERSION = 1;
				DEVELOPMENT_TEAM = K324XY3Y8B;
				GENERATE_INFOPLIST_FILE = YES;
				INFOPLIST_FILE = ClassExample/Info.plist;
				INFOPLIST_KEY_UIApplicationSupportsIndirectInputEvents = YES;
				INFOPLIST_KEY_UILaunchStoryboardName = LaunchScreen;
				INFOPLIST_KEY_UIMainStoryboardFile = Main;
				INFOPLIST_KEY_UISupportedInterfaceOrientations_iPad = "UIInterfaceOrientationPortrait UIInterfaceOrientationPortraitUpsideDown UIInterfaceOrientationLandscapeLeft UIInterfaceOrientationLandscapeRight";
				INFOPLIST_KEY_UISupportedInterfaceOrientations_iPhone = "UIInterfaceOrientationPortrait UIInterfaceOrientationLandscapeLeft UIInterfaceOrientationLandscapeRight";
				LD_RUNPATH_SEARCH_PATHS = (
					"$(inherited)",
					"@executable_path/Frameworks",
				);
				MARKETING_VERSION = 1.0;
				PRODUCT_BUNDLE_IDENTIFIER = CS44003.ClassExample;
				PRODUCT_NAME = "$(TARGET_NAME)";
				SWIFT_EMIT_LOC_STRINGS = YES;
				SWIFT_VERSION = 5.0;
				TARGETED_DEVICE_FAMILY = "1,2";
			};
			name = Release;
		};
		27D541ED2AAA834200B2B1F8 /* Debug */ = {
			isa = XCBuildConfiguration;
			buildSettings = {
				ALWAYS_EMBED_SWIFT_STANDARD_LIBRARIES = YES;
				BUNDLE_LOADER = "$(TEST_HOST)";
				CODE_SIGN_STYLE = Automatic;
				CURRENT_PROJECT_VERSION = 1;
				DEVELOPMENT_TEAM = K324XY3Y8B;
				GENERATE_INFOPLIST_FILE = YES;
				IPHONEOS_DEPLOYMENT_TARGET = 16.4;
				MARKETING_VERSION = 1.0;
				PRODUCT_BUNDLE_IDENTIFIER = CS44003.ClassExampleTests;
				PRODUCT_NAME = "$(TARGET_NAME)";
				SWIFT_EMIT_LOC_STRINGS = NO;
				SWIFT_VERSION = 5.0;
				TARGETED_DEVICE_FAMILY = "1,2";
				TEST_HOST = "$(BUILT_PRODUCTS_DIR)/ClassExample.app/$(BUNDLE_EXECUTABLE_FOLDER_PATH)/ClassExample";
			};
			name = Debug;
		};
		27D541EE2AAA834200B2B1F8 /* Release */ = {
			isa = XCBuildConfiguration;
			buildSettings = {
				ALWAYS_EMBED_SWIFT_STANDARD_LIBRARIES = YES;
				BUNDLE_LOADER = "$(TEST_HOST)";
				CODE_SIGN_STYLE = Automatic;
				CURRENT_PROJECT_VERSION = 1;
				DEVELOPMENT_TEAM = K324XY3Y8B;
				GENERATE_INFOPLIST_FILE = YES;
				IPHONEOS_DEPLOYMENT_TARGET = 16.4;
				MARKETING_VERSION = 1.0;
				PRODUCT_BUNDLE_IDENTIFIER = CS44003.ClassExampleTests;
				PRODUCT_NAME = "$(TARGET_NAME)";
				SWIFT_EMIT_LOC_STRINGS = NO;
				SWIFT_VERSION = 5.0;
				TARGETED_DEVICE_FAMILY = "1,2";
				TEST_HOST = "$(BUILT_PRODUCTS_DIR)/ClassExample.app/$(BUNDLE_EXECUTABLE_FOLDER_PATH)/ClassExample";
			};
			name = Release;
		};
		27D541F02AAA834200B2B1F8 /* Debug */ = {
			isa = XCBuildConfiguration;
			buildSettings = {
				ALWAYS_EMBED_SWIFT_STANDARD_LIBRARIES = YES;
				CODE_SIGN_STYLE = Automatic;
				CURRENT_PROJECT_VERSION = 1;
				DEVELOPMENT_TEAM = K324XY3Y8B;
				GENERATE_INFOPLIST_FILE = YES;
				MARKETING_VERSION = 1.0;
				PRODUCT_BUNDLE_IDENTIFIER = CS44003.ClassExampleUITests;
				PRODUCT_NAME = "$(TARGET_NAME)";
				SWIFT_EMIT_LOC_STRINGS = NO;
				SWIFT_VERSION = 5.0;
				TARGETED_DEVICE_FAMILY = "1,2";
				TEST_TARGET_NAME = ClassExample;
			};
			name = Debug;
		};
		27D541F12AAA834200B2B1F8 /* Release */ = {
			isa = XCBuildConfiguration;
			buildSettings = {
				ALWAYS_EMBED_SWIFT_STANDARD_LIBRARIES = YES;
				CODE_SIGN_STYLE = Automatic;
				CURRENT_PROJECT_VERSION = 1;
				DEVELOPMENT_TEAM = K324XY3Y8B;
				GENERATE_INFOPLIST_FILE = YES;
				MARKETING_VERSION = 1.0;
				PRODUCT_BUNDLE_IDENTIFIER = CS44003.ClassExampleUITests;
				PRODUCT_NAME = "$(TARGET_NAME)";
				SWIFT_EMIT_LOC_STRINGS = NO;
				SWIFT_VERSION = 5.0;
				TARGETED_DEVICE_FAMILY = "1,2";
				TEST_TARGET_NAME = ClassExample;
			};
			name = Release;
		};
/* End XCBuildConfiguration section */

/* Begin XCConfigurationList section */
		27D541BA2AAA833E00B2B1F8 /* Build configuration list for PBXProject "ClassExample" */ = {
			isa = XCConfigurationList;
			buildConfigurations = (
				27D541E72AAA834200B2B1F8 /* Debug */,
				27D541E82AAA834200B2B1F8 /* Release */,
			);
			defaultConfigurationIsVisible = 0;
			defaultConfigurationName = Release;
		};
		27D541E92AAA834200B2B1F8 /* Build configuration list for PBXNativeTarget "ClassExample" */ = {
			isa = XCConfigurationList;
			buildConfigurations = (
				27D541EA2AAA834200B2B1F8 /* Debug */,
				27D541EB2AAA834200B2B1F8 /* Release */,
			);
			defaultConfigurationIsVisible = 0;
			defaultConfigurationName = Release;
		};
		27D541EC2AAA834200B2B1F8 /* Build configuration list for PBXNativeTarget "ClassExampleTests" */ = {
			isa = XCConfigurationList;
			buildConfigurations = (
				27D541ED2AAA834200B2B1F8 /* Debug */,
				27D541EE2AAA834200B2B1F8 /* Release */,
			);
			defaultConfigurationIsVisible = 0;
			defaultConfigurationName = Release;
		};
		27D541EF2AAA834200B2B1F8 /* Build configuration list for PBXNativeTarget "ClassExampleUITests" */ = {
			isa = XCConfigurationList;
			buildConfigurations = (
				27D541F02AAA834200B2B1F8 /* Debug */,
				27D541F12AAA834200B2B1F8 /* Release */,
			);
			defaultConfigurationIsVisible = 0;
			defaultConfigurationName = Release;
		};
/* End XCConfigurationList section */
	};
	rootObject = 27D541B72AAA833E00B2B1F8 /* Project object */;
}
